// !$*UTF8*$!
{
	archiveVersion = 1;
	classes = {
	};
	objectVersion = 55;
	objects = {

/* Begin PBXBuildFile section */
		496DC933285D072200A29246 /* KeyboardHandler.swift in Sources */ = {isa = PBXBuildFile; fileRef = 496DC932285D072200A29246 /* KeyboardHandler.swift */; };
		49D623D3285A132D00B43867 /* AppDelegate.swift in Sources */ = {isa = PBXBuildFile; fileRef = 49D623D2285A132D00B43867 /* AppDelegate.swift */; };
		49D623D7285A132D00B43867 /* RegisterViewController.swift in Sources */ = {isa = PBXBuildFile; fileRef = 49D623D6285A132D00B43867 /* RegisterViewController.swift */; };
		49D623DC285A133000B43867 /* Assets.xcassets in Resources */ = {isa = PBXBuildFile; fileRef = 49D623DB285A133000B43867 /* Assets.xcassets */; };
		49D623DF285A133000B43867 /* LaunchScreen.storyboard in Resources */ = {isa = PBXBuildFile; fileRef = 49D623DD285A133000B43867 /* LaunchScreen.storyboard */; };
		49D623EA285A133100B43867 /* NizekTakeHomeTests.swift in Sources */ = {isa = PBXBuildFile; fileRef = 49D623E9285A133100B43867 /* NizekTakeHomeTests.swift */; };
		49D62408285A15B700B43867 /* RegisterView.swift in Sources */ = {isa = PBXBuildFile; fileRef = 49D62407285A15B700B43867 /* RegisterView.swift */; };
		49D6240A285A192B00B43867 /* LoginView.swift in Sources */ = {isa = PBXBuildFile; fileRef = 49D62409285A192B00B43867 /* LoginView.swift */; };
		49D6240C285A194B00B43867 /* LoginViewController.swift in Sources */ = {isa = PBXBuildFile; fileRef = 49D6240B285A194B00B43867 /* LoginViewController.swift */; };
		49D6240E285A196F00B43867 /* WelcomeViewController.swift in Sources */ = {isa = PBXBuildFile; fileRef = 49D6240D285A196F00B43867 /* WelcomeViewController.swift */; };
		49D62410285A197700B43867 /* WelcomeView.swift in Sources */ = {isa = PBXBuildFile; fileRef = 49D6240F285A197700B43867 /* WelcomeView.swift */; };
		49D62413285A1BC300B43867 /* CustomTextField.swift in Sources */ = {isa = PBXBuildFile; fileRef = 49D62412285A1BC300B43867 /* CustomTextField.swift */; };
		49D62416285A51D800B43867 /* CustomButton in Frameworks */ = {isa = PBXBuildFile; productRef = 49D62415285A51D800B43867 /* CustomButton */; };
		49D6245A285B2C4000B43867 /* UserModel.swift in Sources */ = {isa = PBXBuildFile; fileRef = 49D62459285B2C4000B43867 /* UserModel.swift */; };
		49D6245C285B36DE00B43867 /* UserViewModel.swift in Sources */ = {isa = PBXBuildFile; fileRef = 49D6245B285B36DE00B43867 /* UserViewModel.swift */; };
/* End PBXBuildFile section */

/* Begin PBXContainerItemProxy section */
		49D623E6285A133100B43867 /* PBXContainerItemProxy */ = {
			isa = PBXContainerItemProxy;
			containerPortal = 49D623C7285A132D00B43867 /* Project object */;
			proxyType = 1;
			remoteGlobalIDString = 49D623CE285A132D00B43867;
			remoteInfo = NizekTakeHome;
		};
/* End PBXContainerItemProxy section */

/* Begin PBXFileReference section */
		496DC932285D072200A29246 /* KeyboardHandler.swift */ = {isa = PBXFileReference; lastKnownFileType = sourcecode.swift; path = KeyboardHandler.swift; sourceTree = "<group>"; };
		49D623CF285A132D00B43867 /* NizekTakeHome.app */ = {isa = PBXFileReference; explicitFileType = wrapper.application; includeInIndex = 0; path = NizekTakeHome.app; sourceTree = BUILT_PRODUCTS_DIR; };
		49D623D2285A132D00B43867 /* AppDelegate.swift */ = {isa = PBXFileReference; lastKnownFileType = sourcecode.swift; path = AppDelegate.swift; sourceTree = "<group>"; };
		49D623D6285A132D00B43867 /* RegisterViewController.swift */ = {isa = PBXFileReference; lastKnownFileType = sourcecode.swift; path = RegisterViewController.swift; sourceTree = "<group>"; };
		49D623DB285A133000B43867 /* Assets.xcassets */ = {isa = PBXFileReference; lastKnownFileType = folder.assetcatalog; path = Assets.xcassets; sourceTree = "<group>"; };
		49D623DE285A133000B43867 /* Base */ = {isa = PBXFileReference; lastKnownFileType = file.storyboard; name = Base; path = Base.lproj/LaunchScreen.storyboard; sourceTree = "<group>"; };
		49D623E0285A133100B43867 /* Info.plist */ = {isa = PBXFileReference; lastKnownFileType = text.plist.xml; path = Info.plist; sourceTree = "<group>"; };
		49D623E5285A133100B43867 /* NizekTakeHomeTests.xctest */ = {isa = PBXFileReference; explicitFileType = wrapper.cfbundle; includeInIndex = 0; path = NizekTakeHomeTests.xctest; sourceTree = BUILT_PRODUCTS_DIR; };
		49D623E9285A133100B43867 /* NizekTakeHomeTests.swift */ = {isa = PBXFileReference; lastKnownFileType = sourcecode.swift; path = NizekTakeHomeTests.swift; sourceTree = "<group>"; };
		49D62407285A15B700B43867 /* RegisterView.swift */ = {isa = PBXFileReference; lastKnownFileType = sourcecode.swift; path = RegisterView.swift; sourceTree = "<group>"; };
		49D62409285A192B00B43867 /* LoginView.swift */ = {isa = PBXFileReference; lastKnownFileType = sourcecode.swift; path = LoginView.swift; sourceTree = "<group>"; };
		49D6240B285A194B00B43867 /* LoginViewController.swift */ = {isa = PBXFileReference; lastKnownFileType = sourcecode.swift; path = LoginViewController.swift; sourceTree = "<group>"; };
		49D6240D285A196F00B43867 /* WelcomeViewController.swift */ = {isa = PBXFileReference; lastKnownFileType = sourcecode.swift; path = WelcomeViewController.swift; sourceTree = "<group>"; };
		49D6240F285A197700B43867 /* WelcomeView.swift */ = {isa = PBXFileReference; lastKnownFileType = sourcecode.swift; path = WelcomeView.swift; sourceTree = "<group>"; };
		49D62412285A1BC300B43867 /* CustomTextField.swift */ = {isa = PBXFileReference; lastKnownFileType = sourcecode.swift; path = CustomTextField.swift; sourceTree = "<group>"; };
		49D62459285B2C4000B43867 /* UserModel.swift */ = {isa = PBXFileReference; lastKnownFileType = sourcecode.swift; path = UserModel.swift; sourceTree = "<group>"; };
		49D6245B285B36DE00B43867 /* UserViewModel.swift */ = {isa = PBXFileReference; lastKnownFileType = sourcecode.swift; path = UserViewModel.swift; sourceTree = "<group>"; };
/* End PBXFileReference section */

/* Begin PBXFrameworksBuildPhase section */
		49D623CC285A132D00B43867 /* Frameworks */ = {
			isa = PBXFrameworksBuildPhase;
			buildActionMask = 2147483647;
			files = (
				49D62416285A51D800B43867 /* CustomButton in Frameworks */,
			);
			runOnlyForDeploymentPostprocessing = 0;
		};
		49D623E2285A133100B43867 /* Frameworks */ = {
			isa = PBXFrameworksBuildPhase;
			buildActionMask = 2147483647;
			files = (
			);
			runOnlyForDeploymentPostprocessing = 0;
		};
/* End PBXFrameworksBuildPhase section */

/* Begin PBXGroup section */
		49D623C6285A132D00B43867 = {
			isa = PBXGroup;
			children = (
				49D623D1285A132D00B43867 /* NizekTakeHome */,
				49D623E8285A133100B43867 /* NizekTakeHomeTests */,
				49D623D0285A132D00B43867 /* Products */,
			);
			sourceTree = "<group>";
		};
		49D623D0285A132D00B43867 /* Products */ = {
			isa = PBXGroup;
			children = (
				49D623CF285A132D00B43867 /* NizekTakeHome.app */,
				49D623E5285A133100B43867 /* NizekTakeHomeTests.xctest */,
			);
			name = Products;
			sourceTree = "<group>";
		};
		49D623D1285A132D00B43867 /* NizekTakeHome */ = {
			isa = PBXGroup;
			children = (
				49D62402285A13B600B43867 /* AppDelegates */,
				49D62403285A13CC00B43867 /* Views */,
				49D62456285B2BE200B43867 /* Models */,
				49D62457285B2BFF00B43867 /* ViewModels */,
				49D62406285A140300B43867 /* SupportingFiles */,
				49D62411285A1BB200B43867 /* Utils */,
			);
			path = NizekTakeHome;
			sourceTree = "<group>";
		};
		49D623E8285A133100B43867 /* NizekTakeHomeTests */ = {
			isa = PBXGroup;
			children = (
				49D623E9285A133100B43867 /* NizekTakeHomeTests.swift */,
			);
			path = NizekTakeHomeTests;
			sourceTree = "<group>";
		};
		49D62402285A13B600B43867 /* AppDelegates */ = {
			isa = PBXGroup;
			children = (
				49D623D2285A132D00B43867 /* AppDelegate.swift */,
			);
			path = AppDelegates;
			sourceTree = "<group>";
		};
		49D62403285A13CC00B43867 /* Views */ = {
			isa = PBXGroup;
			children = (
				49D62405285A13DE00B43867 /* Controllers */,
				49D62404285A13D500B43867 /* Views */,
			);
			path = Views;
			sourceTree = "<group>";
		};
		49D62404285A13D500B43867 /* Views */ = {
			isa = PBXGroup;
			children = (
				49D62407285A15B700B43867 /* RegisterView.swift */,
				49D62409285A192B00B43867 /* LoginView.swift */,
				49D6240F285A197700B43867 /* WelcomeView.swift */,
			);
			path = Views;
			sourceTree = "<group>";
		};
		49D62405285A13DE00B43867 /* Controllers */ = {
			isa = PBXGroup;
			children = (
				49D623D6285A132D00B43867 /* RegisterViewController.swift */,
				49D6240B285A194B00B43867 /* LoginViewController.swift */,
				49D6240D285A196F00B43867 /* WelcomeViewController.swift */,
			);
			path = Controllers;
			sourceTree = "<group>";
		};
		49D62406285A140300B43867 /* SupportingFiles */ = {
			isa = PBXGroup;
			children = (
				49D623DB285A133000B43867 /* Assets.xcassets */,
				49D623DD285A133000B43867 /* LaunchScreen.storyboard */,
				49D623E0285A133100B43867 /* Info.plist */,
			);
			path = SupportingFiles;
			sourceTree = "<group>";
		};
		49D62411285A1BB200B43867 /* Utils */ = {
			isa = PBXGroup;
			children = (
				49D62412285A1BC300B43867 /* CustomTextField.swift */,
				496DC932285D072200A29246 /* KeyboardHandler.swift */,
			);
			path = Utils;
			sourceTree = "<group>";
		};
		49D62456285B2BE200B43867 /* Models */ = {
			isa = PBXGroup;
			children = (
				49D62459285B2C4000B43867 /* UserModel.swift */,
			);
			path = Models;
			sourceTree = "<group>";
		};
		49D62457285B2BFF00B43867 /* ViewModels */ = {
			isa = PBXGroup;
			children = (
				49D6245B285B36DE00B43867 /* UserViewModel.swift */,
			);
			path = ViewModels;
			sourceTree = "<group>";
		};
/* End PBXGroup section */

/* Begin PBXNativeTarget section */
		49D623CE285A132D00B43867 /* NizekTakeHome */ = {
			isa = PBXNativeTarget;
			buildConfigurationList = 49D623F9285A133100B43867 /* Build configuration list for PBXNativeTarget "NizekTakeHome" */;
			buildPhases = (
				49D623CB285A132D00B43867 /* Sources */,
				49D623CC285A132D00B43867 /* Frameworks */,
				49D623CD285A132D00B43867 /* Resources */,
			);
			buildRules = (
			);
			dependencies = (
			);
			name = NizekTakeHome;
			packageProductDependencies = (
				49D62415285A51D800B43867 /* CustomButton */,
			);
			productName = NizekTakeHome;
			productReference = 49D623CF285A132D00B43867 /* NizekTakeHome.app */;
			productType = "com.apple.product-type.application";
		};
		49D623E4285A133100B43867 /* NizekTakeHomeTests */ = {
			isa = PBXNativeTarget;
			buildConfigurationList = 49D623FC285A133100B43867 /* Build configuration list for PBXNativeTarget "NizekTakeHomeTests" */;
			buildPhases = (
				49D623E1285A133100B43867 /* Sources */,
				49D623E2285A133100B43867 /* Frameworks */,
				49D623E3285A133100B43867 /* Resources */,
			);
			buildRules = (
			);
			dependencies = (
				49D623E7285A133100B43867 /* PBXTargetDependency */,
			);
			name = NizekTakeHomeTests;
			productName = NizekTakeHomeTests;
			productReference = 49D623E5285A133100B43867 /* NizekTakeHomeTests.xctest */;
			productType = "com.apple.product-type.bundle.unit-test";
		};
/* End PBXNativeTarget section */

/* Begin PBXProject section */
		49D623C7285A132D00B43867 /* Project object */ = {
			isa = PBXProject;
			attributes = {
				BuildIndependentTargetsInParallel = 1;
				LastSwiftUpdateCheck = 1320;
				LastUpgradeCheck = 1320;
				TargetAttributes = {
					49D623CE285A132D00B43867 = {
						CreatedOnToolsVersion = 13.2;
					};
					49D623E4285A133100B43867 = {
						CreatedOnToolsVersion = 13.2;
						TestTargetID = 49D623CE285A132D00B43867;
					};
				};
			};
			buildConfigurationList = 49D623CA285A132D00B43867 /* Build configuration list for PBXProject "NizekTakeHome" */;
			compatibilityVersion = "Xcode 13.0";
			developmentRegion = en;
			hasScannedForEncodings = 0;
			knownRegions = (
				en,
				Base,
			);
			mainGroup = 49D623C6285A132D00B43867;
			packageReferences = (
				49D62414285A51D800B43867 /* XCRemoteSwiftPackageReference "CustomButton" */,
			);
			productRefGroup = 49D623D0285A132D00B43867 /* Products */;
			projectDirPath = "";
			projectRoot = "";
			targets = (
				49D623CE285A132D00B43867 /* NizekTakeHome */,
				49D623E4285A133100B43867 /* NizekTakeHomeTests */,
			);
		};
/* End PBXProject section */

/* Begin PBXResourcesBuildPhase section */
		49D623CD285A132D00B43867 /* Resources */ = {
			isa = PBXResourcesBuildPhase;
			buildActionMask = 2147483647;
			files = (
				49D623DF285A133000B43867 /* LaunchScreen.storyboard in Resources */,
				49D623DC285A133000B43867 /* Assets.xcassets in Resources */,
			);
			runOnlyForDeploymentPostprocessing = 0;
		};
		49D623E3285A133100B43867 /* Resources */ = {
			isa = PBXResourcesBuildPhase;
			buildActionMask = 2147483647;
			files = (
			);
			runOnlyForDeploymentPostprocessing = 0;
		};
/* End PBXResourcesBuildPhase section */

/* Begin PBXSourcesBuildPhase section */
		49D623CB285A132D00B43867 /* Sources */ = {
			isa = PBXSourcesBuildPhase;
			buildActionMask = 2147483647;
			files = (
				49D62413285A1BC300B43867 /* CustomTextField.swift in Sources */,
				49D623D7285A132D00B43867 /* RegisterViewController.swift in Sources */,
				496DC933285D072200A29246 /* KeyboardHandler.swift in Sources */,
				49D62408285A15B700B43867 /* RegisterView.swift in Sources */,
				49D6245C285B36DE00B43867 /* UserViewModel.swift in Sources */,
				49D6240A285A192B00B43867 /* LoginView.swift in Sources */,
				49D6240E285A196F00B43867 /* WelcomeViewController.swift in Sources */,
				49D6240C285A194B00B43867 /* LoginViewController.swift in Sources */,
				49D623D3285A132D00B43867 /* AppDelegate.swift in Sources */,
				49D6245A285B2C4000B43867 /* UserModel.swift in Sources */,
				49D62410285A197700B43867 /* WelcomeView.swift in Sources */,
			);
			runOnlyForDeploymentPostprocessing = 0;
		};
		49D623E1285A133100B43867 /* Sources */ = {
			isa = PBXSourcesBuildPhase;
			buildActionMask = 2147483647;
			files = (
				49D623EA285A133100B43867 /* NizekTakeHomeTests.swift in Sources */,
			);
			runOnlyForDeploymentPostprocessing = 0;
		};
/* End PBXSourcesBuildPhase section */

/* Begin PBXTargetDependency section */
		49D623E7285A133100B43867 /* PBXTargetDependency */ = {
			isa = PBXTargetDependency;
			target = 49D623CE285A132D00B43867 /* NizekTakeHome */;
			targetProxy = 49D623E6285A133100B43867 /* PBXContainerItemProxy */;
		};
/* End PBXTargetDependency section */

/* Begin PBXVariantGroup section */
		49D623DD285A133000B43867 /* LaunchScreen.storyboard */ = {
			isa = PBXVariantGroup;
			children = (
				49D623DE285A133000B43867 /* Base */,
			);
			name = LaunchScreen.storyboard;
			sourceTree = "<group>";
		};
/* End PBXVariantGroup section */

/* Begin XCBuildConfiguration section */
		49D623F7285A133100B43867 /* Debug */ = {
			isa = XCBuildConfiguration;
			buildSettings = {
				ALWAYS_SEARCH_USER_PATHS = NO;
				CLANG_ANALYZER_NONNULL = YES;
				CLANG_ANALYZER_NUMBER_OBJECT_CONVERSION = YES_AGGRESSIVE;
				CLANG_CXX_LANGUAGE_STANDARD = "gnu++17";
				CLANG_CXX_LIBRARY = "libc++";
				CLANG_ENABLE_MODULES = YES;
				CLANG_ENABLE_OBJC_ARC = YES;
				CLANG_ENABLE_OBJC_WEAK = YES;
				CLANG_WARN_BLOCK_CAPTURE_AUTORELEASING = YES;
				CLANG_WARN_BOOL_CONVERSION = YES;
				CLANG_WARN_COMMA = YES;
				CLANG_WARN_CONSTANT_CONVERSION = YES;
				CLANG_WARN_DEPRECATED_OBJC_IMPLEMENTATIONS = YES;
				CLANG_WARN_DIRECT_OBJC_ISA_USAGE = YES_ERROR;
				CLANG_WARN_DOCUMENTATION_COMMENTS = YES;
				CLANG_WARN_EMPTY_BODY = YES;
				CLANG_WARN_ENUM_CONVERSION = YES;
				CLANG_WARN_INFINITE_RECURSION = YES;
				CLANG_WARN_INT_CONVERSION = YES;
				CLANG_WARN_NON_LITERAL_NULL_CONVERSION = YES;
				CLANG_WARN_OBJC_IMPLICIT_RETAIN_SELF = YES;
				CLANG_WARN_OBJC_LITERAL_CONVERSION = YES;
				CLANG_WARN_OBJC_ROOT_CLASS = YES_ERROR;
				CLANG_WARN_QUOTED_INCLUDE_IN_FRAMEWORK_HEADER = YES;
				CLANG_WARN_RANGE_LOOP_ANALYSIS = YES;
				CLANG_WARN_STRICT_PROTOTYPES = YES;
				CLANG_WARN_SUSPICIOUS_MOVE = YES;
				CLANG_WARN_UNGUARDED_AVAILABILITY = YES_AGGRESSIVE;
				CLANG_WARN_UNREACHABLE_CODE = YES;
				CLANG_WARN__DUPLICATE_METHOD_MATCH = YES;
				COPY_PHASE_STRIP = NO;
				DEBUG_INFORMATION_FORMAT = dwarf;
				ENABLE_STRICT_OBJC_MSGSEND = YES;
				ENABLE_TESTABILITY = YES;
				GCC_C_LANGUAGE_STANDARD = gnu11;
				GCC_DYNAMIC_NO_PIC = NO;
				GCC_NO_COMMON_BLOCKS = YES;
				GCC_OPTIMIZATION_LEVEL = 0;
				GCC_PREPROCESSOR_DEFINITIONS = (
					"DEBUG=1",
					"$(inherited)",
				);
				GCC_WARN_64_TO_32_BIT_CONVERSION = YES;
				GCC_WARN_ABOUT_RETURN_TYPE = YES_ERROR;
				GCC_WARN_UNDECLARED_SELECTOR = YES;
				GCC_WARN_UNINITIALIZED_AUTOS = YES_AGGRESSIVE;
				GCC_WARN_UNUSED_FUNCTION = YES;
				GCC_WARN_UNUSED_VARIABLE = YES;
				IPHONEOS_DEPLOYMENT_TARGET = 13.0;
				MTL_ENABLE_DEBUG_INFO = INCLUDE_SOURCE;
				MTL_FAST_MATH = YES;
				ONLY_ACTIVE_ARCH = YES;
				SDKROOT = iphoneos;
				SWIFT_ACTIVE_COMPILATION_CONDITIONS = DEBUG;
				SWIFT_OPTIMIZATION_LEVEL = "-Onone";
			};
			name = Debug;
		};
		49D623F8285A133100B43867 /* Release */ = {
			isa = XCBuildConfiguration;
			buildSettings = {
				ALWAYS_SEARCH_USER_PATHS = NO;
				CLANG_ANALYZER_NONNULL = YES;
				CLANG_ANALYZER_NUMBER_OBJECT_CONVERSION = YES_AGGRESSIVE;
				CLANG_CXX_LANGUAGE_STANDARD = "gnu++17";
				CLANG_CXX_LIBRARY = "libc++";
				CLANG_ENABLE_MODULES = YES;
				CLANG_ENABLE_OBJC_ARC = YES;
				CLANG_ENABLE_OBJC_WEAK = YES;
				CLANG_WARN_BLOCK_CAPTURE_AUTORELEASING = YES;
				CLANG_WARN_BOOL_CONVERSION = YES;
				CLANG_WARN_COMMA = YES;
				CLANG_WARN_CONSTANT_CONVERSION = YES;
				CLANG_WARN_DEPRECATED_OBJC_IMPLEMENTATIONS = YES;
				CLANG_WARN_DIRECT_OBJC_ISA_USAGE = YES_ERROR;
				CLANG_WARN_DOCUMENTATION_COMMENTS = YES;
				CLANG_WARN_EMPTY_BODY = YES;
				CLANG_WARN_ENUM_CONVERSION = YES;
				CLANG_WARN_INFINITE_RECURSION = YES;
				CLANG_WARN_INT_CONVERSION = YES;
				CLANG_WARN_NON_LITERAL_NULL_CONVERSION = YES;
				CLANG_WARN_OBJC_IMPLICIT_RETAIN_SELF = YES;
				CLANG_WARN_OBJC_LITERAL_CONVERSION = YES;
				CLANG_WARN_OBJC_ROOT_CLASS = YES_ERROR;
				CLANG_WARN_QUOTED_INCLUDE_IN_FRAMEWORK_HEADER = YES;
				CLANG_WARN_RANGE_LOOP_ANALYSIS = YES;
				CLANG_WARN_STRICT_PROTOTYPES = YES;
				CLANG_WARN_SUSPICIOUS_MOVE = YES;
				CLANG_WARN_UNGUARDED_AVAILABILITY = YES_AGGRESSIVE;
				CLANG_WARN_UNREACHABLE_CODE = YES;
				CLANG_WARN__DUPLICATE_METHOD_MATCH = YES;
				COPY_PHASE_STRIP = NO;
				DEBUG_INFORMATION_FORMAT = "dwarf-with-dsym";
				ENABLE_NS_ASSERTIONS = NO;
				ENABLE_STRICT_OBJC_MSGSEND = YES;
				GCC_C_LANGUAGE_STANDARD = gnu11;
				GCC_NO_COMMON_BLOCKS = YES;
				GCC_WARN_64_TO_32_BIT_CONVERSION = YES;
				GCC_WARN_ABOUT_RETURN_TYPE = YES_ERROR;
				GCC_WARN_UNDECLARED_SELECTOR = YES;
				GCC_WARN_UNINITIALIZED_AUTOS = YES_AGGRESSIVE;
				GCC_WARN_UNUSED_FUNCTION = YES;
				GCC_WARN_UNUSED_VARIABLE = YES;
				IPHONEOS_DEPLOYMENT_TARGET = 13.0;
				MTL_ENABLE_DEBUG_INFO = NO;
				MTL_FAST_MATH = YES;
				SDKROOT = iphoneos;
				SWIFT_COMPILATION_MODE = wholemodule;
				SWIFT_OPTIMIZATION_LEVEL = "-O";
				VALIDATE_PRODUCT = YES;
			};
			name = Release;
		};
		49D623FA285A133100B43867 /* Debug */ = {
			isa = XCBuildConfiguration;
			buildSettings = {
				ASSETCATALOG_COMPILER_APPICON_NAME = AppIcon;
				ASSETCATALOG_COMPILER_GLOBAL_ACCENT_COLOR_NAME = AccentColor;
				CODE_SIGN_STYLE = Automatic;
				CURRENT_PROJECT_VERSION = 1;
				DEVELOPMENT_TEAM = RSW6ZAWD52;
				GENERATE_INFOPLIST_FILE = YES;
				INFOPLIST_FILE = NizekTakeHome/SupportingFiles/Info.plist;
				INFOPLIST_KEY_UIApplicationSupportsIndirectInputEvents = YES;
				INFOPLIST_KEY_UILaunchStoryboardName = LaunchScreen;
				INFOPLIST_KEY_UISupportedInterfaceOrientations_iPad = "UIInterfaceOrientationPortrait UIInterfaceOrientationPortraitUpsideDown UIInterfaceOrientationLandscapeLeft UIInterfaceOrientationLandscapeRight";
				INFOPLIST_KEY_UISupportedInterfaceOrientations_iPhone = "UIInterfaceOrientationPortrait UIInterfaceOrientationLandscapeLeft UIInterfaceOrientationLandscapeRight";
				LD_RUNPATH_SEARCH_PATHS = (
					"$(inherited)",
					"@executable_path/Frameworks",
				);
				MARKETING_VERSION = 1.0;
				PRODUCT_BUNDLE_IDENTIFIER = com.TheAlienMann.NizekTakeHome;
				PRODUCT_NAME = "$(TARGET_NAME)";
				SWIFT_EMIT_LOC_STRINGS = YES;
				SWIFT_VERSION = 5.0;
				TARGETED_DEVICE_FAMILY = "1,2";
			};
			name = Debug;
		};
		49D623FB285A133100B43867 /* Release */ = {
			isa = XCBuildConfiguration;
			buildSettings = {
				ASSETCATALOG_COMPILER_APPICON_NAME = AppIcon;
				ASSETCATALOG_COMPILER_GLOBAL_ACCENT_COLOR_NAME = AccentColor;
				CODE_SIGN_STYLE = Automatic;
				CURRENT_PROJECT_VERSION = 1;
				DEVELOPMENT_TEAM = RSW6ZAWD52;
				GENERATE_INFOPLIST_FILE = YES;
				INFOPLIST_FILE = NizekTakeHome/SupportingFiles/Info.plist;
				INFOPLIST_KEY_UIApplicationSupportsIndirectInputEvents = YES;
				INFOPLIST_KEY_UILaunchStoryboardName = LaunchScreen;
				INFOPLIST_KEY_UISupportedInterfaceOrientations_iPad = "UIInterfaceOrientationPortrait UIInterfaceOrientationPortraitUpsideDown UIInterfaceOrientationLandscapeLeft UIInterfaceOrientationLandscapeRight";
				INFOPLIST_KEY_UISupportedInterfaceOrientations_iPhone = "UIInterfaceOrientationPortrait UIInterfaceOrientationLandscapeLeft UIInterfaceOrientationLandscapeRight";
				LD_RUNPATH_SEARCH_PATHS = (
					"$(inherited)",
					"@executable_path/Frameworks",
				);
				MARKETING_VERSION = 1.0;
				PRODUCT_BUNDLE_IDENTIFIER = com.TheAlienMann.NizekTakeHome;
				PRODUCT_NAME = "$(TARGET_NAME)";
				SWIFT_EMIT_LOC_STRINGS = YES;
				SWIFT_VERSION = 5.0;
				TARGETED_DEVICE_FAMILY = "1,2";
			};
			name = Release;
		};
		49D623FD285A133100B43867 /* Debug */ = {
			isa = XCBuildConfiguration;
			buildSettings = {
				ALWAYS_EMBED_SWIFT_STANDARD_LIBRARIES = YES;
				BUNDLE_LOADER = "$(TEST_HOST)";
				CODE_SIGN_STYLE = Automatic;
				CURRENT_PROJECT_VERSION = 1;
				DEVELOPMENT_TEAM = RSW6ZAWD52;
				GENERATE_INFOPLIST_FILE = YES;
				IPHONEOS_DEPLOYMENT_TARGET = 15.2;
				MARKETING_VERSION = 1.0;
				PRODUCT_BUNDLE_IDENTIFIER = com.TheAlienMann.NizekTakeHomeTests;
				PRODUCT_NAME = "$(TARGET_NAME)";
				SWIFT_EMIT_LOC_STRINGS = NO;
				SWIFT_VERSION = 5.0;
				TARGETED_DEVICE_FAMILY = "1,2";
				TEST_HOST = "$(BUILT_PRODUCTS_DIR)/NizekTakeHome.app/NizekTakeHome";
			};
			name = Debug;
		};
		49D623FE285A133100B43867 /* Release */ = {
			isa = XCBuildConfiguration;
			buildSettings = {
				ALWAYS_EMBED_SWIFT_STANDARD_LIBRARIES = YES;
				BUNDLE_LOADER = "$(TEST_HOST)";
				CODE_SIGN_STYLE = Automatic;
				CURRENT_PROJECT_VERSION = 1;
				DEVELOPMENT_TEAM = RSW6ZAWD52;
				GENERATE_INFOPLIST_FILE = YES;
				IPHONEOS_DEPLOYMENT_TARGET = 15.2;
				MARKETING_VERSION = 1.0;
				PRODUCT_BUNDLE_IDENTIFIER = com.TheAlienMann.NizekTakeHomeTests;
				PRODUCT_NAME = "$(TARGET_NAME)";
				SWIFT_EMIT_LOC_STRINGS = NO;
				SWIFT_VERSION = 5.0;
				TARGETED_DEVICE_FAMILY = "1,2";
				TEST_HOST = "$(BUILT_PRODUCTS_DIR)/NizekTakeHome.app/NizekTakeHome";
			};
			name = Release;
		};
/* End XCBuildConfiguration section */

/* Begin XCConfigurationList section */
		49D623CA285A132D00B43867 /* Build configuration list for PBXProject "NizekTakeHome" */ = {
			isa = XCConfigurationList;
			buildConfigurations = (
				49D623F7285A133100B43867 /* Debug */,
				49D623F8285A133100B43867 /* Release */,
			);
			defaultConfigurationIsVisible = 0;
			defaultConfigurationName = Release;
		};
		49D623F9285A133100B43867 /* Build configuration list for PBXNativeTarget "NizekTakeHome" */ = {
			isa = XCConfigurationList;
			buildConfigurations = (
				49D623FA285A133100B43867 /* Debug */,
				49D623FB285A133100B43867 /* Release */,
			);
			defaultConfigurationIsVisible = 0;
			defaultConfigurationName = Release;
		};
		49D623FC285A133100B43867 /* Build configuration list for PBXNativeTarget "NizekTakeHomeTests" */ = {
			isa = XCConfigurationList;
			buildConfigurations = (
				49D623FD285A133100B43867 /* Debug */,
				49D623FE285A133100B43867 /* Release */,
			);
			defaultConfigurationIsVisible = 0;
			defaultConfigurationName = Release;
		};
/* End XCConfigurationList section */

/* Begin XCRemoteSwiftPackageReference section */
		49D62414285A51D800B43867 /* XCRemoteSwiftPackageReference "CustomButton" */ = {
			isa = XCRemoteSwiftPackageReference;
			repositoryURL = "https://github.com/TheAlienMann/CustomButton";
			requirement = {
				kind = upToNextMajorVersion;
				minimumVersion = 0.0.1;
			};
		};
/* End XCRemoteSwiftPackageReference section */

/* Begin XCSwiftPackageProductDependency section */
		49D62415285A51D800B43867 /* CustomButton */ = {
			isa = XCSwiftPackageProductDependency;
			package = 49D62414285A51D800B43867 /* XCRemoteSwiftPackageReference "CustomButton" */;
			productName = CustomButton;
		};
/* End XCSwiftPackageProductDependency section */
	};
	rootObject = 49D623C7285A132D00B43867 /* Project object */;
}
